
Microsoft Visual Studio Solution File, Format Version 12.00
# Visual Studio 15
VisualStudioVersion = 15.0.26124.0
MinimumVisualStudioVersion = 15.0.26124.0
Project("{FAE04EC0-301F-11D3-BF4B-00C04F79EFBC}") = "dev", "dev\dev.csproj", "{BE732254-6BE6-4706-B577-CA594F34902E}"
EndProject
Project("{FAE04EC0-301F-11D3-BF4B-00C04F79EFBC}") = "test", "test\test.csproj", "{AC62608C-5E60-4B6E-B396-98AA61B08645}"
EndProject
Global
	GlobalSection(SolutionConfigurationPlatforms) = preSolution
		Debug|Any CPU = Debug|Any CPU
		Debug|x64 = Debug|x64
		Debug|x86 = Debug|x86
		Release|Any CPU = Release|Any CPU
		Release|x64 = Release|x64
		Release|x86 = Release|x86
	EndGlobalSection
	GlobalSection(SolutionProperties) = preSolution
		HideSolutionNode = FALSE
	EndGlobalSection
	GlobalSection(ProjectConfigurationPlatforms) = postSolution
		{BE732254-6BE6-4706-B577-CA594F34902E}.Debug|Any CPU.ActiveCfg = Debug|Any CPU
		{BE732254-6BE6-4706-B577-CA594F34902E}.Debug|Any CPU.Build.0 = Debug|Any CPU
		{BE732254-6BE6-4706-B577-CA594F34902E}.Debug|x64.ActiveCfg = Debug|Any CPU
		{BE732254-6BE6-4706-B577-CA594F34902E}.Debug|x64.Build.0 = Debug|Any CPU
		{BE732254-6BE6-4706-B577-CA594F34902E}.Debug|x86.ActiveCfg = Debug|Any CPU
		{BE732254-6BE6-4706-B577-CA594F34902E}.Debug|x86.Build.0 = Debug|Any CPU
		{BE732254-6BE6-4706-B577-CA594F34902E}.Release|Any CPU.ActiveCfg = Release|Any CPU
		{BE732254-6BE6-4706-B577-CA594F34902E}.Release|Any CPU.Build.0 = Release|Any CPU
		{BE732254-6BE6-4706-B577-CA594F34902E}.Release|x64.ActiveCfg = Release|Any CPU
		{BE732254-6BE6-4706-B577-CA594F34902E}.Release|x64.Build.0 = Release|Any CPU
		{BE732254-6BE6-4706-B577-CA594F34902E}.Release|x86.ActiveCfg = Release|Any CPU
		{BE732254-6BE6-4706-B577-CA594F34902E}.Release|x86.Build.0 = Release|Any CPU
		{AC62608C-5E60-4B6E-B396-98AA61B08645}.Debug|Any CPU.ActiveCfg = Debug|Any CPU
		{AC62608C-5E60-4B6E-B396-98AA61B08645}.Debug|Any CPU.Build.0 = Debug|Any CPU
		{AC62608C-5E60-4B6E-B396-98AA61B08645}.Debug|x64.ActiveCfg = Debug|Any CPU
		{AC62608C-5E60-4B6E-B396-98AA61B08645}.Debug|x64.Build.0 = Debug|Any CPU
		{AC62608C-5E60-4B6E-B396-98AA61B08645}.Debug|x86.ActiveCfg = Debug|Any CPU
		{AC62608C-5E60-4B6E-B396-98AA61B08645}.Debug|x86.Build.0 = Debug|Any CPU
		{AC62608C-5E60-4B6E-B396-98AA61B08645}.Release|Any CPU.ActiveCfg = Release|Any CPU
		{AC62608C-5E60-4B6E-B396-98AA61B08645}.Release|Any CPU.Build.0 = Release|Any CPU
		{AC62608C-5E60-4B6E-B396-98AA61B08645}.Release|x64.ActiveCfg = Release|Any CPU
		{AC62608C-5E60-4B6E-B396-98AA61B08645}.Release|x64.Build.0 = Release|Any CPU
		{AC62608C-5E60-4B6E-B396-98AA61B08645}.Release|x86.ActiveCfg = Release|Any CPU
		{AC62608C-5E60-4B6E-B396-98AA61B08645}.Release|x86.Build.0 = Release|Any CPU
	EndGlobalSection
EndGlobal
